
Microsoft Visual Studio Solution File, Format Version 12.00
# Visual Studio Version 16
VisualStudioVersion = 16.0.29806.167
MinimumVisualStudioVersion = 10.0.40219.1
Project("{9A19103F-16F7-4668-BE54-9A1E7A4F7556}") = "SequencePlanner", "SequencePlanner\SequencePlanner.csproj", "{68B8FFC2-3C5E-4810-BCB3-080B3FA5B662}"
EndProject
Project("{9A19103F-16F7-4668-BE54-9A1E7A4F7556}") = "Seqencer", "Seqencer\Seqencer.csproj", "{76AB713C-ECCB-44B7-A778-C682D7060438}"
EndProject
Project("{FAE04EC0-301F-11D3-BF4B-00C04F79EFBC}") = "SequenceUnitTests", "SequenceUnitTests\SequenceUnitTests.csproj", "{9AA38B26-29F5-4045-BF97-26700C9F59DA}"
EndProject
Global
	GlobalSection(SolutionConfigurationPlatforms) = preSolution
		Debug|Any CPU = Debug|Any CPU
		Release|Any CPU = Release|Any CPU
	EndGlobalSection
	GlobalSection(ProjectConfigurationPlatforms) = postSolution
		{68B8FFC2-3C5E-4810-BCB3-080B3FA5B662}.Debug|Any CPU.ActiveCfg = Debug|Any CPU
		{68B8FFC2-3C5E-4810-BCB3-080B3FA5B662}.Debug|Any CPU.Build.0 = Debug|Any CPU
		{68B8FFC2-3C5E-4810-BCB3-080B3FA5B662}.Release|Any CPU.ActiveCfg = Release|Any CPU
		{68B8FFC2-3C5E-4810-BCB3-080B3FA5B662}.Release|Any CPU.Build.0 = Release|Any CPU
		{76AB713C-ECCB-44B7-A778-C682D7060438}.Debug|Any CPU.ActiveCfg = Debug|Any CPU
		{76AB713C-ECCB-44B7-A778-C682D7060438}.Debug|Any CPU.Build.0 = Debug|Any CPU
		{76AB713C-ECCB-44B7-A778-C682D7060438}.Release|Any CPU.ActiveCfg = Release|Any CPU
		{76AB713C-ECCB-44B7-A778-C682D7060438}.Release|Any CPU.Build.0 = Release|Any CPU
		{9AA38B26-29F5-4045-BF97-26700C9F59DA}.Debug|Any CPU.ActiveCfg = Debug|Any CPU
		{9AA38B26-29F5-4045-BF97-26700C9F59DA}.Debug|Any CPU.Build.0 = Debug|Any CPU
		{9AA38B26-29F5-4045-BF97-26700C9F59DA}.Release|Any CPU.ActiveCfg = Release|Any CPU
		{9AA38B26-29F5-4045-BF97-26700C9F59DA}.Release|Any CPU.Build.0 = Release|Any CPU
	EndGlobalSection
	GlobalSection(SolutionProperties) = preSolution
		HideSolutionNode = FALSE
	EndGlobalSection
	GlobalSection(ExtensibilityGlobals) = postSolution
		SolutionGuid = {FA499656-EBC6-4B5E-A3F1-7C97FD094BDF}
	EndGlobalSection
EndGlobal
